
Microsoft Visual Studio Solution File, Format Version 12.00
# Visual Studio 14
VisualStudioVersion = 14.0.25420.1
MinimumVisualStudioVersion = 10.0.40219.1
Project("{FAE04EC0-301F-11D3-BF4B-00C04F79EFBC}") = "Github-test", "Github-test\Github-test.csproj", "{0BDB6D1B-2F00-4B07-AE16-F89ED255686B}"
EndProject
Global
	GlobalSection(SolutionConfigurationPlatforms) = preSolution
		Debug|Any CPU = Debug|Any CPU
		Release|Any CPU = Release|Any CPU
	EndGlobalSection
	GlobalSection(ProjectConfigurationPlatforms) = postSolution
		{0BDB6D1B-2F00-4B07-AE16-F89ED255686B}.Debug|Any CPU.ActiveCfg = Debug|Any CPU
		{0BDB6D1B-2F00-4B07-AE16-F89ED255686B}.Debug|Any CPU.Build.0 = Debug|Any CPU
		{0BDB6D1B-2F00-4B07-AE16-F89ED255686B}.Release|Any CPU.ActiveCfg = Release|Any CPU
		{0BDB6D1B-2F00-4B07-AE16-F89ED255686B}.Release|Any CPU.Build.0 = Release|Any CPU
	EndGlobalSection
	GlobalSection(SolutionProperties) = preSolution
		HideSolutionNode = FALSE
	EndGlobalSection
EndGlobal
